# THIS IS AN AUTOGENERATED FILE. DO NOT EDIT THIS FILE DIRECTLY.
# yarn lockfile v1


"@fortawesome/fontawesome-free@^5.13.0":
  version "5.13.0"
  resolved "https://registry.yarnpkg.com/@fortawesome/fontawesome-free/-/fontawesome-free-5.13.0.tgz#fcb113d1aca4b471b709e8c9c168674fbd6e06d9"
  integrity sha512-xKOeQEl5O47GPZYIMToj6uuA2syyFlq9EMSl2ui0uytjY9xbe8XS0pexNWmxrdcCyNGyDmLyYw5FtKsalBUeOg==

foundation-sites@6.6.3:
  version "6.6.3"
  resolved "https://registry.yarnpkg.com/foundation-sites/-/foundation-sites-6.6.3.tgz#8ca5f246357db69e6a0e73351ce06aa8acce6540"
  integrity sha512-8X93wUAmUg1HhVv8uWMWnwoBLSQWSmFImJencneIZDctswn724Bq/MV1cbPZN/GFWGOB/9ngoQHztfzd4+ovCg==

jquery@3.4.1:
  version "3.4.1"
  resolved "https://registry.yarnpkg.com/jquery/-/jquery-3.4.1.tgz#714f1f8d9dde4bdfa55764ba37ef214630d80ef2"
  integrity sha512-36+AdBzCL+y6qjw5Tx7HgzeGCzC81MDDgaUP8ld2zhx58HdqXGoBd+tHdrBMiyjGQs0Hxs/MLZTu/eHNJJuWPw==

motion-ui@^2.0.2:
  version "2.0.3"
  resolved "https://registry.yarnpkg.com/motion-ui/-/motion-ui-2.0.3.tgz#3a87f8fea4512d654c0822a0b346f23dadf0d0b7"
  integrity sha512-f9xzh/hbZTUYjk4M7y1aDcsiPTfqUbuvCv/+If05TSIBEJMu3hGBU+YSe9csQPP7WBBHXxjossEygM/TJo2enw==

what-input@5.2.6:
  version "5.2.6"
  resolved "https://registry.yarnpkg.com/what-input/-/what-input-5.2.6.tgz#ac6f003bf8d3592a0031dea7a03565469b00020b"
  integrity sha512-a0BcI5YR7xp87vSzGcbN0IszJKpUQuTmrZaTSQBl7TLDIdKj6rDhluQ7b/7lYGG81gWDvkySsEvwv4BW5an9kg==
